
Microsoft Visual Studio Solution File, Format Version 12.00
# Visual Studio Version 16
VisualStudioVersion = 16.0.29201.188
MinimumVisualStudioVersion = 10.0.40219.1
Project("{8BC9CEB8-8B4A-11D0-8D11-00A0C91BC942}") = "DCMods_Main", "DCMods_Main\DCMods_Main.vcxproj", "{20722887-443C-45BE-AD68-2DCF8962527D}"
	ProjectSection(ProjectDependencies) = postProject
		{90CF4AD9-6603-458F-8E3F-E99C0818E43D} = {90CF4AD9-6603-458F-8E3F-E99C0818E43D}
		{EC0293F5-4BCF-46B2-8133-18CAEA141C5B} = {EC0293F5-4BCF-46B2-8133-18CAEA141C5B}
	EndProjectSection
EndProject
Project("{8BC9CEB8-8B4A-11D0-8D11-00A0C91BC942}") = "ModLoaderCommon", "sadx-mod-loader\mod-loader-common\ModLoaderCommon\ModLoaderCommon.vcxproj", "{EC0293F5-4BCF-46B2-8133-18CAEA141C5B}"
EndProject
Project("{8BC9CEB8-8B4A-11D0-8D11-00A0C91BC942}") = "libmodutils", "sadx-mod-loader\libmodutils\libmodutils.vcxproj", "{90CF4AD9-6603-458F-8E3F-E99C0818E43D}"
EndProject
Project("{2150E333-8FDC-42A3-9474-1A3956D46DE8}") = "Dependencies", "Dependencies", "{C0BC054A-6E54-4433-AFC2-E607343541F0}"
EndProject
Project("{2150E333-8FDC-42A3-9474-1A3956D46DE8}") = "Assets", "Assets", "{FF66C08F-4C26-4253-98EC-FB249EC23F26}"
EndProject
Project("{8BC9CEB8-8B4A-11D0-8D11-00A0C91BC942}") = "STG02", "Assets\STG02\STG02.vcxproj", "{BB9696DC-3245-4D0D-9688-4FD7C24F274A}"
EndProject
Project("{8BC9CEB8-8B4A-11D0-8D11-00A0C91BC942}") = "STG06", "Assets\STG06\STG06.vcxproj", "{40B51658-AC8B-4F3C-B29A-BE5B046019CA}"
EndProject
Project("{8BC9CEB8-8B4A-11D0-8D11-00A0C91BC942}") = "STG01", "Assets\STG01\STG01.vcxproj", "{B7F89739-AC6D-4C74-8AD2-B1D85F9EF558}"
EndProject
Project("{8BC9CEB8-8B4A-11D0-8D11-00A0C91BC942}") = "STG03", "Assets\STG03\STG03.vcxproj", "{27B4928C-CEAA-42FF-8940-A0296B891A1E}"
EndProject
Project("{8BC9CEB8-8B4A-11D0-8D11-00A0C91BC942}") = "STG04", "Assets\STG04\STG04.vcxproj", "{507CB5F8-2F5B-4B23-8E2A-A9DDBE97D650}"
EndProject
Project("{8BC9CEB8-8B4A-11D0-8D11-00A0C91BC942}") = "STG05", "Assets\STG05\STG05.vcxproj", "{2A4040D2-FF6B-4120-A040-1E969C5CF879}"
EndProject
Project("{8BC9CEB8-8B4A-11D0-8D11-00A0C91BC942}") = "STG07", "Assets\STG07\STG07.vcxproj", "{03DE1D56-8DB0-4077-B86D-CADCE66810D8}"
EndProject
Project("{8BC9CEB8-8B4A-11D0-8D11-00A0C91BC942}") = "STG08", "Assets\STG08\STG08.vcxproj", "{B6EEAEB2-158F-4EE8-8376-956FD960D8C2}"
EndProject
Project("{8BC9CEB8-8B4A-11D0-8D11-00A0C91BC942}") = "STG09", "Assets\STG09\STG09.vcxproj", "{74CE69BA-2C6C-41D7-94ED-79B1A30DD1E1}"
EndProject
Project("{8BC9CEB8-8B4A-11D0-8D11-00A0C91BC942}") = "STG10", "Assets\STG10\STG10.vcxproj", "{6503C8E0-5FA4-43B0-8946-BF2C9E7BD987}"
EndProject
Project("{8BC9CEB8-8B4A-11D0-8D11-00A0C91BC942}") = "STG12", "Assets\STG12\STG12.vcxproj", "{94A202EF-F185-4F01-A24C-3783984D4BC3}"
EndProject
Project("{8BC9CEB8-8B4A-11D0-8D11-00A0C91BC942}") = "STG00", "Assets\STG00\STG00.vcxproj", "{66F559A1-CC08-46FE-86F8-6421C8580F9D}"
EndProject
Project("{8BC9CEB8-8B4A-11D0-8D11-00A0C91BC942}") = "ADV00", "Assets\ADV00\ADV00.vcxproj", "{9E4D0D46-40C1-4801-818F-8EADD9BF7040}"
EndProject
Project("{8BC9CEB8-8B4A-11D0-8D11-00A0C91BC942}") = "ADV02", "Assets\ADV02\ADV02.vcxproj", "{6DED41E0-A3A8-4578-821B-BE32604D2B45}"
EndProject
Project("{8BC9CEB8-8B4A-11D0-8D11-00A0C91BC942}") = "ADV03", "Assets\ADV03\ADV03.vcxproj", "{5E570CB8-D1F7-4E8A-BEBB-3BB70000A86B}"
EndProject
Project("{8BC9CEB8-8B4A-11D0-8D11-00A0C91BC942}") = "ADV0100", "Assets\ADV0100\ADV0100.vcxproj", "{B35E6952-9188-4EB0-88F9-70AE0B991B70}"
EndProject
Project("{8BC9CEB8-8B4A-11D0-8D11-00A0C91BC942}") = "ADV0130", "Assets\ADV0130\ADV0130.vcxproj", "{43ABFE1B-CDCD-4661-BB0C-EEC6A9A138ED}"
EndProject
Project("{8BC9CEB8-8B4A-11D0-8D11-00A0C91BC942}") = "B_CHAOS0", "Assets\B_CHAOS0\B_CHAOS0.vcxproj", "{A3CBC4FA-0EFA-4E34-AE29-3F6AD98315A4}"
EndProject
Project("{8BC9CEB8-8B4A-11D0-8D11-00A0C91BC942}") = "B_CHAOS2", "Assets\B_CHAOS2\B_CHAOS2.vcxproj", "{68052E93-D6F4-46E7-9832-F151FFF695D5}"
EndProject
Project("{8BC9CEB8-8B4A-11D0-8D11-00A0C91BC942}") = "B_CHAOS4", "Assets\B_CHAOS4\B_CHAOS4.vcxproj", "{F964B22D-5E7B-4E2E-B8A7-9DC3906EAF8F}"
EndProject
Project("{8BC9CEB8-8B4A-11D0-8D11-00A0C91BC942}") = "B_CHAOS6", "Assets\B_CHAOS6\B_CHAOS6.vcxproj", "{F1E8C286-1E97-46C9-9994-01962D3B5DD8}"
EndProject
Project("{8BC9CEB8-8B4A-11D0-8D11-00A0C91BC942}") = "B_CHAOS7", "Assets\B_CHAOS7\B_CHAOS7.vcxproj", "{3A14D253-FC4D-4201-B507-054766952A89}"
EndProject
Project("{8BC9CEB8-8B4A-11D0-8D11-00A0C91BC942}") = "B_E101", "Assets\B_E101\B_E101.vcxproj", "{6004861F-054A-41C2-8A07-984611AE13F9}"
EndProject
Project("{8BC9CEB8-8B4A-11D0-8D11-00A0C91BC942}") = "B_E101_R", "Assets\B_E101_R\B_E101_R.vcxproj", "{659978EE-C304-48D8-AC58-603066BA968B}"
EndProject
Project("{8BC9CEB8-8B4A-11D0-8D11-00A0C91BC942}") = "B_ROBO", "Assets\B_ROBO\B_ROBO.vcxproj", "{604B25BB-D52D-4992-93C9-D1AC987539CD}"
EndProject
Project("{8BC9CEB8-8B4A-11D0-8D11-00A0C91BC942}") = "B_EGM1", "Assets\B_EGM1\B_EGM1.vcxproj", "{7E3DDE07-5F57-46CB-B2A9-81B3938FD358}"
EndProject
Project("{8BC9CEB8-8B4A-11D0-8D11-00A0C91BC942}") = "B_EGM2", "Assets\B_EGM2\B_EGM2.vcxproj", "{98A82897-1ECA-455B-8D50-C7645008DD95}"
EndProject
Project("{8BC9CEB8-8B4A-11D0-8D11-00A0C91BC942}") = "B_EGM3", "Assets\B_EGM3\B_EGM3.vcxproj", "{A1AACBF9-37F0-4086-9DEA-E0EDCD7048D5}"
EndProject
Project("{8BC9CEB8-8B4A-11D0-8D11-00A0C91BC942}") = "AL_RACE", "Assets\AL_RACE\AL_RACE.vcxproj", "{B7AF506C-A539-424C-9E24-F9EC0B6DFEA3}"
EndProject
Project("{8BC9CEB8-8B4A-11D0-8D11-00A0C91BC942}") = "AL_GARDEN00", "Assets\AL_GARDEN00\AL_GARDEN00.vcxproj", "{CBB6DCB6-CFC9-4A54-9EDC-59A95AACAD4A}"
EndProject
Project("{8BC9CEB8-8B4A-11D0-8D11-00A0C91BC942}") = "AL_GARDEN01", "Assets\AL_GARDEN01\AL_GARDEN01.vcxproj", "{1181C5EE-4541-41EA-B99D-8876B6B2302D}"
EndProject
Project("{8BC9CEB8-8B4A-11D0-8D11-00A0C91BC942}") = "AL_GARDEN02", "Assets\AL_GARDEN02\AL_GARDEN02.vcxproj", "{D84ECCF5-63A4-4E5A-B99E-3D4A8A80DA6B}"
EndProject
Project("{8BC9CEB8-8B4A-11D0-8D11-00A0C91BC942}") = "MINICART", "Assets\MINICART\MINICART.vcxproj", "{4992F63A-B9EC-49C0-B589-84BA1A345451}"
EndProject
Project("{8BC9CEB8-8B4A-11D0-8D11-00A0C91BC942}") = "SBOARD", "Assets\SBOARD\SBOARD.vcxproj", "{E399D46B-2353-4AE7-87D8-4EDA7AA2BF38}"
EndProject
Project("{8BC9CEB8-8B4A-11D0-8D11-00A0C91BC942}") = "1ST_READ", "Assets\1ST_READ\1ST_READ.vcxproj", "{8FB537EB-C0F5-4DF1-A11D-A3E651FA6FBB}"
EndProject
Global
	GlobalSection(SolutionConfigurationPlatforms) = preSolution
		Debug|x86 = Debug|x86
		Release|x86 = Release|x86
	EndGlobalSection
	GlobalSection(ProjectConfigurationPlatforms) = postSolution
		{20722887-443C-45BE-AD68-2DCF8962527D}.Debug|x86.ActiveCfg = Debug|Win32
		{20722887-443C-45BE-AD68-2DCF8962527D}.Debug|x86.Build.0 = Debug|Win32
		{20722887-443C-45BE-AD68-2DCF8962527D}.Release|x86.ActiveCfg = Release|Win32
		{20722887-443C-45BE-AD68-2DCF8962527D}.Release|x86.Build.0 = Release|Win32
		{EC0293F5-4BCF-46B2-8133-18CAEA141C5B}.Debug|x86.ActiveCfg = Debug|Win32
		{EC0293F5-4BCF-46B2-8133-18CAEA141C5B}.Debug|x86.Build.0 = Debug|Win32
		{EC0293F5-4BCF-46B2-8133-18CAEA141C5B}.Release|x86.ActiveCfg = Release|Win32
		{EC0293F5-4BCF-46B2-8133-18CAEA141C5B}.Release|x86.Build.0 = Release|Win32
		{90CF4AD9-6603-458F-8E3F-E99C0818E43D}.Debug|x86.ActiveCfg = Debug|Win32
		{90CF4AD9-6603-458F-8E3F-E99C0818E43D}.Debug|x86.Build.0 = Debug|Win32
		{90CF4AD9-6603-458F-8E3F-E99C0818E43D}.Release|x86.ActiveCfg = Release|Win32
		{90CF4AD9-6603-458F-8E3F-E99C0818E43D}.Release|x86.Build.0 = Release|Win32
		{BB9696DC-3245-4D0D-9688-4FD7C24F274A}.Debug|x86.ActiveCfg = Debug|Win32
		{BB9696DC-3245-4D0D-9688-4FD7C24F274A}.Release|x86.ActiveCfg = Release|Win32
		{40B51658-AC8B-4F3C-B29A-BE5B046019CA}.Debug|x86.ActiveCfg = Debug|Win32
		{40B51658-AC8B-4F3C-B29A-BE5B046019CA}.Release|x86.ActiveCfg = Release|Win32
		{B7F89739-AC6D-4C74-8AD2-B1D85F9EF558}.Debug|x86.ActiveCfg = Debug|Win32
		{B7F89739-AC6D-4C74-8AD2-B1D85F9EF558}.Release|x86.ActiveCfg = Release|Win32
		{27B4928C-CEAA-42FF-8940-A0296B891A1E}.Debug|x86.ActiveCfg = Debug|Win32
		{27B4928C-CEAA-42FF-8940-A0296B891A1E}.Release|x86.ActiveCfg = Release|Win32
		{507CB5F8-2F5B-4B23-8E2A-A9DDBE97D650}.Debug|x86.ActiveCfg = Debug|Win32
		{507CB5F8-2F5B-4B23-8E2A-A9DDBE97D650}.Release|x86.ActiveCfg = Release|Win32
		{2A4040D2-FF6B-4120-A040-1E969C5CF879}.Debug|x86.ActiveCfg = Debug|Win32
		{2A4040D2-FF6B-4120-A040-1E969C5CF879}.Release|x86.ActiveCfg = Release|Win32
		{03DE1D56-8DB0-4077-B86D-CADCE66810D8}.Debug|x86.ActiveCfg = Debug|Win32
		{03DE1D56-8DB0-4077-B86D-CADCE66810D8}.Release|x86.ActiveCfg = Release|Win32
		{B6EEAEB2-158F-4EE8-8376-956FD960D8C2}.Debug|x86.ActiveCfg = Debug|Win32
		{B6EEAEB2-158F-4EE8-8376-956FD960D8C2}.Release|x86.ActiveCfg = Release|Win32
		{74CE69BA-2C6C-41D7-94ED-79B1A30DD1E1}.Debug|x86.ActiveCfg = Debug|Win32
		{74CE69BA-2C6C-41D7-94ED-79B1A30DD1E1}.Release|x86.ActiveCfg = Release|Win32
		{6503C8E0-5FA4-43B0-8946-BF2C9E7BD987}.Debug|x86.ActiveCfg = Debug|Win32
		{6503C8E0-5FA4-43B0-8946-BF2C9E7BD987}.Release|x86.ActiveCfg = Release|Win32
		{94A202EF-F185-4F01-A24C-3783984D4BC3}.Debug|x86.ActiveCfg = Debug|Win32
		{94A202EF-F185-4F01-A24C-3783984D4BC3}.Release|x86.ActiveCfg = Release|Win32
		{66F559A1-CC08-46FE-86F8-6421C8580F9D}.Debug|x86.ActiveCfg = Debug|Win32
		{66F559A1-CC08-46FE-86F8-6421C8580F9D}.Release|x86.ActiveCfg = Release|Win32
		{9E4D0D46-40C1-4801-818F-8EADD9BF7040}.Debug|x86.ActiveCfg = Debug|Win32
		{9E4D0D46-40C1-4801-818F-8EADD9BF7040}.Release|x86.ActiveCfg = Release|Win32
		{6DED41E0-A3A8-4578-821B-BE32604D2B45}.Debug|x86.ActiveCfg = Debug|Win32
		{6DED41E0-A3A8-4578-821B-BE32604D2B45}.Release|x86.ActiveCfg = Release|Win32
		{5E570CB8-D1F7-4E8A-BEBB-3BB70000A86B}.Debug|x86.ActiveCfg = Debug|Win32
		{5E570CB8-D1F7-4E8A-BEBB-3BB70000A86B}.Release|x86.ActiveCfg = Release|Win32
		{B35E6952-9188-4EB0-88F9-70AE0B991B70}.Debug|x86.ActiveCfg = Debug|Win32
		{B35E6952-9188-4EB0-88F9-70AE0B991B70}.Release|x86.ActiveCfg = Release|Win32
		{43ABFE1B-CDCD-4661-BB0C-EEC6A9A138ED}.Debug|x86.ActiveCfg = Debug|Win32
		{43ABFE1B-CDCD-4661-BB0C-EEC6A9A138ED}.Release|x86.ActiveCfg = Release|Win32
		{A3CBC4FA-0EFA-4E34-AE29-3F6AD98315A4}.Debug|x86.ActiveCfg = Debug|Win32
		{A3CBC4FA-0EFA-4E34-AE29-3F6AD98315A4}.Release|x86.ActiveCfg = Release|Win32
		{68052E93-D6F4-46E7-9832-F151FFF695D5}.Debug|x86.ActiveCfg = Debug|Win32
		{68052E93-D6F4-46E7-9832-F151FFF695D5}.Release|x86.ActiveCfg = Release|Win32
		{F964B22D-5E7B-4E2E-B8A7-9DC3906EAF8F}.Debug|x86.ActiveCfg = Debug|Win32
		{F964B22D-5E7B-4E2E-B8A7-9DC3906EAF8F}.Release|x86.ActiveCfg = Release|Win32
		{F1E8C286-1E97-46C9-9994-01962D3B5DD8}.Debug|x86.ActiveCfg = Debug|Win32
		{F1E8C286-1E97-46C9-9994-01962D3B5DD8}.Release|x86.ActiveCfg = Release|Win32
		{3A14D253-FC4D-4201-B507-054766952A89}.Debug|x86.ActiveCfg = Debug|Win32
		{3A14D253-FC4D-4201-B507-054766952A89}.Release|x86.ActiveCfg = Release|Win32
		{6004861F-054A-41C2-8A07-984611AE13F9}.Debug|x86.ActiveCfg = Debug|Win32
		{6004861F-054A-41C2-8A07-984611AE13F9}.Release|x86.ActiveCfg = Release|Win32
		{659978EE-C304-48D8-AC58-603066BA968B}.Debug|x86.ActiveCfg = Debug|Win32
		{659978EE-C304-48D8-AC58-603066BA968B}.Release|x86.ActiveCfg = Release|Win32
		{604B25BB-D52D-4992-93C9-D1AC987539CD}.Debug|x86.ActiveCfg = Debug|Win32
		{604B25BB-D52D-4992-93C9-D1AC987539CD}.Release|x86.ActiveCfg = Release|Win32
		{7E3DDE07-5F57-46CB-B2A9-81B3938FD358}.Debug|x86.ActiveCfg = Debug|Win32
		{7E3DDE07-5F57-46CB-B2A9-81B3938FD358}.Release|x86.ActiveCfg = Release|Win32
		{98A82897-1ECA-455B-8D50-C7645008DD95}.Debug|x86.ActiveCfg = Debug|Win32
		{98A82897-1ECA-455B-8D50-C7645008DD95}.Release|x86.ActiveCfg = Release|Win32
		{A1AACBF9-37F0-4086-9DEA-E0EDCD7048D5}.Debug|x86.ActiveCfg = Debug|Win32
		{A1AACBF9-37F0-4086-9DEA-E0EDCD7048D5}.Release|x86.ActiveCfg = Release|Win32
		{B7AF506C-A539-424C-9E24-F9EC0B6DFEA3}.Debug|x86.ActiveCfg = Debug|Win32
		{B7AF506C-A539-424C-9E24-F9EC0B6DFEA3}.Release|x86.ActiveCfg = Release|Win32
		{CBB6DCB6-CFC9-4A54-9EDC-59A95AACAD4A}.Debug|x86.ActiveCfg = Debug|Win32
		{CBB6DCB6-CFC9-4A54-9EDC-59A95AACAD4A}.Release|x86.ActiveCfg = Release|Win32
		{1181C5EE-4541-41EA-B99D-8876B6B2302D}.Debug|x86.ActiveCfg = Debug|Win32
		{1181C5EE-4541-41EA-B99D-8876B6B2302D}.Release|x86.ActiveCfg = Release|Win32
		{D84ECCF5-63A4-4E5A-B99E-3D4A8A80DA6B}.Debug|x86.ActiveCfg = Debug|Win32
		{D84ECCF5-63A4-4E5A-B99E-3D4A8A80DA6B}.Release|x86.ActiveCfg = Release|Win32
		{4992F63A-B9EC-49C0-B589-84BA1A345451}.Debug|x86.ActiveCfg = Debug|Win32
		{4992F63A-B9EC-49C0-B589-84BA1A345451}.Release|x86.ActiveCfg = Release|Win32
		{E399D46B-2353-4AE7-87D8-4EDA7AA2BF38}.Debug|x86.ActiveCfg = Debug|Win32
		{E399D46B-2353-4AE7-87D8-4EDA7AA2BF38}.Release|x86.ActiveCfg = Release|Win32
		{8FB537EB-C0F5-4DF1-A11D-A3E651FA6FBB}.Debug|x86.ActiveCfg = Debug|Win32
		{8FB537EB-C0F5-4DF1-A11D-A3E651FA6FBB}.Release|x86.ActiveCfg = Release|Win32
	EndGlobalSection
	GlobalSection(SolutionProperties) = preSolution
		HideSolutionNode = FALSE
	EndGlobalSection
	GlobalSection(NestedProjects) = preSolution
		{EC0293F5-4BCF-46B2-8133-18CAEA141C5B} = {C0BC054A-6E54-4433-AFC2-E607343541F0}
		{90CF4AD9-6603-458F-8E3F-E99C0818E43D} = {C0BC054A-6E54-4433-AFC2-E607343541F0}
		{BB9696DC-3245-4D0D-9688-4FD7C24F274A} = {FF66C08F-4C26-4253-98EC-FB249EC23F26}
		{40B51658-AC8B-4F3C-B29A-BE5B046019CA} = {FF66C08F-4C26-4253-98EC-FB249EC23F26}
		{B7F89739-AC6D-4C74-8AD2-B1D85F9EF558} = {FF66C08F-4C26-4253-98EC-FB249EC23F26}
		{27B4928C-CEAA-42FF-8940-A0296B891A1E} = {FF66C08F-4C26-4253-98EC-FB249EC23F26}
		{507CB5F8-2F5B-4B23-8E2A-A9DDBE97D650} = {FF66C08F-4C26-4253-98EC-FB249EC23F26}
		{2A4040D2-FF6B-4120-A040-1E969C5CF879} = {FF66C08F-4C26-4253-98EC-FB249EC23F26}
		{03DE1D56-8DB0-4077-B86D-CADCE66810D8} = {FF66C08F-4C26-4253-98EC-FB249EC23F26}
		{B6EEAEB2-158F-4EE8-8376-956FD960D8C2} = {FF66C08F-4C26-4253-98EC-FB249EC23F26}
		{74CE69BA-2C6C-41D7-94ED-79B1A30DD1E1} = {FF66C08F-4C26-4253-98EC-FB249EC23F26}
		{6503C8E0-5FA4-43B0-8946-BF2C9E7BD987} = {FF66C08F-4C26-4253-98EC-FB249EC23F26}
		{94A202EF-F185-4F01-A24C-3783984D4BC3} = {FF66C08F-4C26-4253-98EC-FB249EC23F26}
		{66F559A1-CC08-46FE-86F8-6421C8580F9D} = {FF66C08F-4C26-4253-98EC-FB249EC23F26}
		{9E4D0D46-40C1-4801-818F-8EADD9BF7040} = {FF66C08F-4C26-4253-98EC-FB249EC23F26}
		{6DED41E0-A3A8-4578-821B-BE32604D2B45} = {FF66C08F-4C26-4253-98EC-FB249EC23F26}
		{5E570CB8-D1F7-4E8A-BEBB-3BB70000A86B} = {FF66C08F-4C26-4253-98EC-FB249EC23F26}
		{B35E6952-9188-4EB0-88F9-70AE0B991B70} = {FF66C08F-4C26-4253-98EC-FB249EC23F26}
		{43ABFE1B-CDCD-4661-BB0C-EEC6A9A138ED} = {FF66C08F-4C26-4253-98EC-FB249EC23F26}
		{A3CBC4FA-0EFA-4E34-AE29-3F6AD98315A4} = {FF66C08F-4C26-4253-98EC-FB249EC23F26}
		{68052E93-D6F4-46E7-9832-F151FFF695D5} = {FF66C08F-4C26-4253-98EC-FB249EC23F26}
		{F964B22D-5E7B-4E2E-B8A7-9DC3906EAF8F} = {FF66C08F-4C26-4253-98EC-FB249EC23F26}
		{F1E8C286-1E97-46C9-9994-01962D3B5DD8} = {FF66C08F-4C26-4253-98EC-FB249EC23F26}
		{3A14D253-FC4D-4201-B507-054766952A89} = {FF66C08F-4C26-4253-98EC-FB249EC23F26}
		{6004861F-054A-41C2-8A07-984611AE13F9} = {FF66C08F-4C26-4253-98EC-FB249EC23F26}
		{659978EE-C304-48D8-AC58-603066BA968B} = {FF66C08F-4C26-4253-98EC-FB249EC23F26}
		{604B25BB-D52D-4992-93C9-D1AC987539CD} = {FF66C08F-4C26-4253-98EC-FB249EC23F26}
		{7E3DDE07-5F57-46CB-B2A9-81B3938FD358} = {FF66C08F-4C26-4253-98EC-FB249EC23F26}
		{98A82897-1ECA-455B-8D50-C7645008DD95} = {FF66C08F-4C26-4253-98EC-FB249EC23F26}
		{A1AACBF9-37F0-4086-9DEA-E0EDCD7048D5} = {FF66C08F-4C26-4253-98EC-FB249EC23F26}
		{B7AF506C-A539-424C-9E24-F9EC0B6DFEA3} = {FF66C08F-4C26-4253-98EC-FB249EC23F26}
		{CBB6DCB6-CFC9-4A54-9EDC-59A95AACAD4A} = {FF66C08F-4C26-4253-98EC-FB249EC23F26}
		{1181C5EE-4541-41EA-B99D-8876B6B2302D} = {FF66C08F-4C26-4253-98EC-FB249EC23F26}
		{D84ECCF5-63A4-4E5A-B99E-3D4A8A80DA6B} = {FF66C08F-4C26-4253-98EC-FB249EC23F26}
		{4992F63A-B9EC-49C0-B589-84BA1A345451} = {FF66C08F-4C26-4253-98EC-FB249EC23F26}
		{E399D46B-2353-4AE7-87D8-4EDA7AA2BF38} = {FF66C08F-4C26-4253-98EC-FB249EC23F26}
		{8FB537EB-C0F5-4DF1-A11D-A3E651FA6FBB} = {FF66C08F-4C26-4253-98EC-FB249EC23F26}
	EndGlobalSection
	GlobalSection(ExtensibilityGlobals) = postSolution
		SolutionGuid = {10B8EBB0-EC20-43C9-8230-24E0D47ACBA2}
	EndGlobalSection
EndGlobal
